
Microsoft Visual Studio Solution File, Format Version 12.00
# Visual Studio 15
VisualStudioVersion = 15.0.27428.2015
MinimumVisualStudioVersion = 10.0.40219.1
Project("{FAE04EC0-301F-11D3-BF4B-00C04F79EFBC}") = "Appointments.Android", "Appointments\Appointments.Android\Appointments.Android.csproj", "{243A4BF4-14FF-45A0-A52A-6DBDB9D16EA9}"
EndProject
Project("{FAE04EC0-301F-11D3-BF4B-00C04F79EFBC}") = "Appointments.iOS", "Appointments\Appointments.iOS\Appointments.iOS.csproj", "{9150F6CF-174A-4C6D-9A1B-45B1B8155707}"
EndProject
Project("{FAE04EC0-301F-11D3-BF4B-00C04F79EFBC}") = "Appointments.UWP", "Appointments\Appointments.UWP\Appointments.UWP.csproj", "{E6F61E8A-E092-40B9-9C81-716E190A29C6}"
EndProject
Project("{FAE04EC0-301F-11D3-BF4B-00C04F79EFBC}") = "Appointments", "Appointments\Appointments\Appointments.csproj", "{24920145-FC94-4EDB-89E0-2E53BA735E85}"
EndProject
Global
	GlobalSection(SolutionConfigurationPlatforms) = preSolution
		Ad-Hoc|Any CPU = Ad-Hoc|Any CPU
		Ad-Hoc|ARM = Ad-Hoc|ARM
		Ad-Hoc|iPhone = Ad-Hoc|iPhone
		Ad-Hoc|iPhoneSimulator = Ad-Hoc|iPhoneSimulator
		Ad-Hoc|x64 = Ad-Hoc|x64
		Ad-Hoc|x86 = Ad-Hoc|x86
		AppStore|Any CPU = AppStore|Any CPU
		AppStore|ARM = AppStore|ARM
		AppStore|iPhone = AppStore|iPhone
		AppStore|iPhoneSimulator = AppStore|iPhoneSimulator
		AppStore|x64 = AppStore|x64
		AppStore|x86 = AppStore|x86
		Debug|Any CPU = Debug|Any CPU
		Debug|ARM = Debug|ARM
		Debug|iPhone = Debug|iPhone
		Debug|iPhoneSimulator = Debug|iPhoneSimulator
		Debug|x64 = Debug|x64
		Debug|x86 = Debug|x86
		Release|Any CPU = Release|Any CPU
		Release|ARM = Release|ARM
		Release|iPhone = Release|iPhone
		Release|iPhoneSimulator = Release|iPhoneSimulator
		Release|x64 = Release|x64
		Release|x86 = Release|x86
	EndGlobalSection
	GlobalSection(ProjectConfigurationPlatforms) = postSolution
		{243A4BF4-14FF-45A0-A52A-6DBDB9D16EA9}.Ad-Hoc|Any CPU.ActiveCfg = Release|Any CPU
		{243A4BF4-14FF-45A0-A52A-6DBDB9D16EA9}.Ad-Hoc|Any CPU.Build.0 = Release|Any CPU
		{243A4BF4-14FF-45A0-A52A-6DBDB9D16EA9}.Ad-Hoc|Any CPU.Deploy.0 = Release|Any CPU
		{243A4BF4-14FF-45A0-A52A-6DBDB9D16EA9}.Ad-Hoc|ARM.ActiveCfg = Release|Any CPU
		{243A4BF4-14FF-45A0-A52A-6DBDB9D16EA9}.Ad-Hoc|ARM.Build.0 = Release|Any CPU
		{243A4BF4-14FF-45A0-A52A-6DBDB9D16EA9}.Ad-Hoc|ARM.Deploy.0 = Release|Any CPU
		{243A4BF4-14FF-45A0-A52A-6DBDB9D16EA9}.Ad-Hoc|iPhone.ActiveCfg = Release|Any CPU
		{243A4BF4-14FF-45A0-A52A-6DBDB9D16EA9}.Ad-Hoc|iPhone.Build.0 = Release|Any CPU
		{243A4BF4-14FF-45A0-A52A-6DBDB9D16EA9}.Ad-Hoc|iPhone.Deploy.0 = Release|Any CPU
		{243A4BF4-14FF-45A0-A52A-6DBDB9D16EA9}.Ad-Hoc|iPhoneSimulator.ActiveCfg = Release|Any CPU
		{243A4BF4-14FF-45A0-A52A-6DBDB9D16EA9}.Ad-Hoc|iPhoneSimulator.Build.0 = Release|Any CPU
		{243A4BF4-14FF-45A0-A52A-6DBDB9D16EA9}.Ad-Hoc|iPhoneSimulator.Deploy.0 = Release|Any CPU
		{243A4BF4-14FF-45A0-A52A-6DBDB9D16EA9}.Ad-Hoc|x64.ActiveCfg = Release|Any CPU
		{243A4BF4-14FF-45A0-A52A-6DBDB9D16EA9}.Ad-Hoc|x64.Build.0 = Release|Any CPU
		{243A4BF4-14FF-45A0-A52A-6DBDB9D16EA9}.Ad-Hoc|x64.Deploy.0 = Release|Any CPU
		{243A4BF4-14FF-45A0-A52A-6DBDB9D16EA9}.Ad-Hoc|x86.ActiveCfg = Release|Any CPU
		{243A4BF4-14FF-45A0-A52A-6DBDB9D16EA9}.Ad-Hoc|x86.Build.0 = Release|Any CPU
		{243A4BF4-14FF-45A0-A52A-6DBDB9D16EA9}.Ad-Hoc|x86.Deploy.0 = Release|Any CPU
		{243A4BF4-14FF-45A0-A52A-6DBDB9D16EA9}.AppStore|Any CPU.ActiveCfg = Release|Any CPU
		{243A4BF4-14FF-45A0-A52A-6DBDB9D16EA9}.AppStore|Any CPU.Build.0 = Release|Any CPU
		{243A4BF4-14FF-45A0-A52A-6DBDB9D16EA9}.AppStore|Any CPU.Deploy.0 = Release|Any CPU
		{243A4BF4-14FF-45A0-A52A-6DBDB9D16EA9}.AppStore|ARM.ActiveCfg = Release|Any CPU
		{243A4BF4-14FF-45A0-A52A-6DBDB9D16EA9}.AppStore|ARM.Build.0 = Release|Any CPU
		{243A4BF4-14FF-45A0-A52A-6DBDB9D16EA9}.AppStore|ARM.Deploy.0 = Release|Any CPU
		{243A4BF4-14FF-45A0-A52A-6DBDB9D16EA9}.AppStore|iPhone.ActiveCfg = Release|Any CPU
		{243A4BF4-14FF-45A0-A52A-6DBDB9D16EA9}.AppStore|iPhone.Build.0 = Release|Any CPU
		{243A4BF4-14FF-45A0-A52A-6DBDB9D16EA9}.AppStore|iPhone.Deploy.0 = Release|Any CPU
		{243A4BF4-14FF-45A0-A52A-6DBDB9D16EA9}.AppStore|iPhoneSimulator.ActiveCfg = Release|Any CPU
		{243A4BF4-14FF-45A0-A52A-6DBDB9D16EA9}.AppStore|iPhoneSimulator.Build.0 = Release|Any CPU
		{243A4BF4-14FF-45A0-A52A-6DBDB9D16EA9}.AppStore|iPhoneSimulator.Deploy.0 = Release|Any CPU
		{243A4BF4-14FF-45A0-A52A-6DBDB9D16EA9}.AppStore|x64.ActiveCfg = Release|Any CPU
		{243A4BF4-14FF-45A0-A52A-6DBDB9D16EA9}.AppStore|x64.Build.0 = Release|Any CPU
		{243A4BF4-14FF-45A0-A52A-6DBDB9D16EA9}.AppStore|x64.Deploy.0 = Release|Any CPU
		{243A4BF4-14FF-45A0-A52A-6DBDB9D16EA9}.AppStore|x86.ActiveCfg = Release|Any CPU
		{243A4BF4-14FF-45A0-A52A-6DBDB9D16EA9}.AppStore|x86.Build.0 = Release|Any CPU
		{243A4BF4-14FF-45A0-A52A-6DBDB9D16EA9}.AppStore|x86.Deploy.0 = Release|Any CPU
		{243A4BF4-14FF-45A0-A52A-6DBDB9D16EA9}.Debug|Any CPU.ActiveCfg = Debug|Any CPU
		{243A4BF4-14FF-45A0-A52A-6DBDB9D16EA9}.Debug|Any CPU.Build.0 = Debug|Any CPU
		{243A4BF4-14FF-45A0-A52A-6DBDB9D16EA9}.Debug|Any CPU.Deploy.0 = Debug|Any CPU
		{243A4BF4-14FF-45A0-A52A-6DBDB9D16EA9}.Debug|ARM.ActiveCfg = Debug|Any CPU
		{243A4BF4-14FF-45A0-A52A-6DBDB9D16EA9}.Debug|ARM.Build.0 = Debug|Any CPU
		{243A4BF4-14FF-45A0-A52A-6DBDB9D16EA9}.Debug|ARM.Deploy.0 = Debug|Any CPU
		{243A4BF4-14FF-45A0-A52A-6DBDB9D16EA9}.Debug|iPhone.ActiveCfg = Debug|Any CPU
		{243A4BF4-14FF-45A0-A52A-6DBDB9D16EA9}.Debug|iPhone.Build.0 = Debug|Any CPU
		{243A4BF4-14FF-45A0-A52A-6DBDB9D16EA9}.Debug|iPhone.Deploy.0 = Debug|Any CPU
		{243A4BF4-14FF-45A0-A52A-6DBDB9D16EA9}.Debug|iPhoneSimulator.ActiveCfg = Debug|Any CPU
		{243A4BF4-14FF-45A0-A52A-6DBDB9D16EA9}.Debug|iPhoneSimulator.Build.0 = Debug|Any CPU
		{243A4BF4-14FF-45A0-A52A-6DBDB9D16EA9}.Debug|iPhoneSimulator.Deploy.0 = Debug|Any CPU
		{243A4BF4-14FF-45A0-A52A-6DBDB9D16EA9}.Debug|x64.ActiveCfg = Debug|Any CPU
		{243A4BF4-14FF-45A0-A52A-6DBDB9D16EA9}.Debug|x64.Build.0 = Debug|Any CPU
		{243A4BF4-14FF-45A0-A52A-6DBDB9D16EA9}.Debug|x64.Deploy.0 = Debug|Any CPU
		{243A4BF4-14FF-45A0-A52A-6DBDB9D16EA9}.Debug|x86.ActiveCfg = Debug|Any CPU
		{243A4BF4-14FF-45A0-A52A-6DBDB9D16EA9}.Debug|x86.Build.0 = Debug|Any CPU
		{243A4BF4-14FF-45A0-A52A-6DBDB9D16EA9}.Debug|x86.Deploy.0 = Debug|Any CPU
		{243A4BF4-14FF-45A0-A52A-6DBDB9D16EA9}.Release|Any CPU.ActiveCfg = Release|Any CPU
		{243A4BF4-14FF-45A0-A52A-6DBDB9D16EA9}.Release|Any CPU.Build.0 = Release|Any CPU
		{243A4BF4-14FF-45A0-A52A-6DBDB9D16EA9}.Release|Any CPU.Deploy.0 = Release|Any CPU
		{243A4BF4-14FF-45A0-A52A-6DBDB9D16EA9}.Release|ARM.ActiveCfg = Release|Any CPU
		{243A4BF4-14FF-45A0-A52A-6DBDB9D16EA9}.Release|ARM.Build.0 = Release|Any CPU
		{243A4BF4-14FF-45A0-A52A-6DBDB9D16EA9}.Release|ARM.Deploy.0 = Release|Any CPU
		{243A4BF4-14FF-45A0-A52A-6DBDB9D16EA9}.Release|iPhone.ActiveCfg = Release|Any CPU
		{243A4BF4-14FF-45A0-A52A-6DBDB9D16EA9}.Release|iPhone.Build.0 = Release|Any CPU
		{243A4BF4-14FF-45A0-A52A-6DBDB9D16EA9}.Release|iPhone.Deploy.0 = Release|Any CPU
		{243A4BF4-14FF-45A0-A52A-6DBDB9D16EA9}.Release|iPhoneSimulator.ActiveCfg = Release|Any CPU
		{243A4BF4-14FF-45A0-A52A-6DBDB9D16EA9}.Release|iPhoneSimulator.Build.0 = Release|Any CPU
		{243A4BF4-14FF-45A0-A52A-6DBDB9D16EA9}.Release|iPhoneSimulator.Deploy.0 = Release|Any CPU
		{243A4BF4-14FF-45A0-A52A-6DBDB9D16EA9}.Release|x64.ActiveCfg = Release|Any CPU
		{243A4BF4-14FF-45A0-A52A-6DBDB9D16EA9}.Release|x64.Build.0 = Release|Any CPU
		{243A4BF4-14FF-45A0-A52A-6DBDB9D16EA9}.Release|x64.Deploy.0 = Release|Any CPU
		{243A4BF4-14FF-45A0-A52A-6DBDB9D16EA9}.Release|x86.ActiveCfg = Release|Any CPU
		{243A4BF4-14FF-45A0-A52A-6DBDB9D16EA9}.Release|x86.Build.0 = Release|Any CPU
		{243A4BF4-14FF-45A0-A52A-6DBDB9D16EA9}.Release|x86.Deploy.0 = Release|Any CPU
		{9150F6CF-174A-4C6D-9A1B-45B1B8155707}.Ad-Hoc|Any CPU.ActiveCfg = Ad-Hoc|iPhone
		{9150F6CF-174A-4C6D-9A1B-45B1B8155707}.Ad-Hoc|ARM.ActiveCfg = Ad-Hoc|iPhone
		{9150F6CF-174A-4C6D-9A1B-45B1B8155707}.Ad-Hoc|iPhone.ActiveCfg = Ad-Hoc|iPhone
		{9150F6CF-174A-4C6D-9A1B-45B1B8155707}.Ad-Hoc|iPhone.Build.0 = Ad-Hoc|iPhone
		{9150F6CF-174A-4C6D-9A1B-45B1B8155707}.Ad-Hoc|iPhoneSimulator.ActiveCfg = Ad-Hoc|iPhoneSimulator
		{9150F6CF-174A-4C6D-9A1B-45B1B8155707}.Ad-Hoc|iPhoneSimulator.Build.0 = Ad-Hoc|iPhoneSimulator
		{9150F6CF-174A-4C6D-9A1B-45B1B8155707}.Ad-Hoc|x64.ActiveCfg = Ad-Hoc|iPhone
		{9150F6CF-174A-4C6D-9A1B-45B1B8155707}.Ad-Hoc|x86.ActiveCfg = Ad-Hoc|iPhone
		{9150F6CF-174A-4C6D-9A1B-45B1B8155707}.AppStore|Any CPU.ActiveCfg = AppStore|iPhone
		{9150F6CF-174A-4C6D-9A1B-45B1B8155707}.AppStore|ARM.ActiveCfg = AppStore|iPhone
		{9150F6CF-174A-4C6D-9A1B-45B1B8155707}.AppStore|iPhone.ActiveCfg = AppStore|iPhone
		{9150F6CF-174A-4C6D-9A1B-45B1B8155707}.AppStore|iPhone.Build.0 = AppStore|iPhone
		{9150F6CF-174A-4C6D-9A1B-45B1B8155707}.AppStore|iPhoneSimulator.ActiveCfg = AppStore|iPhoneSimulator
		{9150F6CF-174A-4C6D-9A1B-45B1B8155707}.AppStore|iPhoneSimulator.Build.0 = AppStore|iPhoneSimulator
		{9150F6CF-174A-4C6D-9A1B-45B1B8155707}.AppStore|x64.ActiveCfg = AppStore|iPhone
		{9150F6CF-174A-4C6D-9A1B-45B1B8155707}.AppStore|x86.ActiveCfg = AppStore|iPhone
		{9150F6CF-174A-4C6D-9A1B-45B1B8155707}.Debug|Any CPU.ActiveCfg = Debug|iPhone
		{9150F6CF-174A-4C6D-9A1B-45B1B8155707}.Debug|ARM.ActiveCfg = Debug|iPhone
		{9150F6CF-174A-4C6D-9A1B-45B1B8155707}.Debug|iPhone.ActiveCfg = Debug|iPhone
		{9150F6CF-174A-4C6D-9A1B-45B1B8155707}.Debug|iPhone.Build.0 = Debug|iPhone
		{9150F6CF-174A-4C6D-9A1B-45B1B8155707}.Debug|iPhoneSimulator.ActiveCfg = Debug|iPhoneSimulator
		{9150F6CF-174A-4C6D-9A1B-45B1B8155707}.Debug|iPhoneSimulator.Build.0 = Debug|iPhoneSimulator
		{9150F6CF-174A-4C6D-9A1B-45B1B8155707}.Debug|x64.ActiveCfg = Debug|iPhone
		{9150F6CF-174A-4C6D-9A1B-45B1B8155707}.Debug|x86.ActiveCfg = Debug|iPhone
		{9150F6CF-174A-4C6D-9A1B-45B1B8155707}.Release|Any CPU.ActiveCfg = Release|iPhone
		{9150F6CF-174A-4C6D-9A1B-45B1B8155707}.Release|ARM.ActiveCfg = Release|iPhone
		{9150F6CF-174A-4C6D-9A1B-45B1B8155707}.Release|iPhone.ActiveCfg = Release|iPhone
		{9150F6CF-174A-4C6D-9A1B-45B1B8155707}.Release|iPhone.Build.0 = Release|iPhone
		{9150F6CF-174A-4C6D-9A1B-45B1B8155707}.Release|iPhoneSimulator.ActiveCfg = Release|iPhoneSimulator
		{9150F6CF-174A-4C6D-9A1B-45B1B8155707}.Release|iPhoneSimulator.Build.0 = Release|iPhoneSimulator
		{9150F6CF-174A-4C6D-9A1B-45B1B8155707}.Release|x64.ActiveCfg = Release|iPhone
		{9150F6CF-174A-4C6D-9A1B-45B1B8155707}.Release|x86.ActiveCfg = Release|iPhone
		{E6F61E8A-E092-40B9-9C81-716E190A29C6}.Ad-Hoc|Any CPU.ActiveCfg = Release|x86
		{E6F61E8A-E092-40B9-9C81-716E190A29C6}.Ad-Hoc|Any CPU.Build.0 = Release|x86
		{E6F61E8A-E092-40B9-9C81-716E190A29C6}.Ad-Hoc|Any CPU.Deploy.0 = Release|x86
		{E6F61E8A-E092-40B9-9C81-716E190A29C6}.Ad-Hoc|ARM.ActiveCfg = Release|ARM
		{E6F61E8A-E092-40B9-9C81-716E190A29C6}.Ad-Hoc|ARM.Build.0 = Release|ARM
		{E6F61E8A-E092-40B9-9C81-716E190A29C6}.Ad-Hoc|ARM.Deploy.0 = Release|ARM
		{E6F61E8A-E092-40B9-9C81-716E190A29C6}.Ad-Hoc|iPhone.ActiveCfg = Release|x86
		{E6F61E8A-E092-40B9-9C81-716E190A29C6}.Ad-Hoc|iPhone.Build.0 = Release|x86
		{E6F61E8A-E092-40B9-9C81-716E190A29C6}.Ad-Hoc|iPhone.Deploy.0 = Release|x86
		{E6F61E8A-E092-40B9-9C81-716E190A29C6}.Ad-Hoc|iPhoneSimulator.ActiveCfg = Release|x86
		{E6F61E8A-E092-40B9-9C81-716E190A29C6}.Ad-Hoc|iPhoneSimulator.Build.0 = Release|x86
		{E6F61E8A-E092-40B9-9C81-716E190A29C6}.Ad-Hoc|iPhoneSimulator.Deploy.0 = Release|x86
		{E6F61E8A-E092-40B9-9C81-716E190A29C6}.Ad-Hoc|x64.ActiveCfg = Release|x64
		{E6F61E8A-E092-40B9-9C81-716E190A29C6}.Ad-Hoc|x64.Build.0 = Release|x64
		{E6F61E8A-E092-40B9-9C81-716E190A29C6}.Ad-Hoc|x64.Deploy.0 = Release|x64
		{E6F61E8A-E092-40B9-9C81-716E190A29C6}.Ad-Hoc|x86.ActiveCfg = Release|x86
		{E6F61E8A-E092-40B9-9C81-716E190A29C6}.Ad-Hoc|x86.Build.0 = Release|x86
		{E6F61E8A-E092-40B9-9C81-716E190A29C6}.Ad-Hoc|x86.Deploy.0 = Release|x86
		{E6F61E8A-E092-40B9-9C81-716E190A29C6}.AppStore|Any CPU.ActiveCfg = Release|x86
		{E6F61E8A-E092-40B9-9C81-716E190A29C6}.AppStore|Any CPU.Build.0 = Release|x86
		{E6F61E8A-E092-40B9-9C81-716E190A29C6}.AppStore|Any CPU.Deploy.0 = Release|x86
		{E6F61E8A-E092-40B9-9C81-716E190A29C6}.AppStore|ARM.ActiveCfg = Release|ARM
		{E6F61E8A-E092-40B9-9C81-716E190A29C6}.AppStore|ARM.Build.0 = Release|ARM
		{E6F61E8A-E092-40B9-9C81-716E190A29C6}.AppStore|ARM.Deploy.0 = Release|ARM
		{E6F61E8A-E092-40B9-9C81-716E190A29C6}.AppStore|iPhone.ActiveCfg = Release|x86
		{E6F61E8A-E092-40B9-9C81-716E190A29C6}.AppStore|iPhone.Build.0 = Release|x86
		{E6F61E8A-E092-40B9-9C81-716E190A29C6}.AppStore|iPhone.Deploy.0 = Release|x86
		{E6F61E8A-E092-40B9-9C81-716E190A29C6}.AppStore|iPhoneSimulator.ActiveCfg = Release|x86
		{E6F61E8A-E092-40B9-9C81-716E190A29C6}.AppStore|iPhoneSimulator.Build.0 = Release|x86
		{E6F61E8A-E092-40B9-9C81-716E190A29C6}.AppStore|iPhoneSimulator.Deploy.0 = Release|x86
		{E6F61E8A-E092-40B9-9C81-716E190A29C6}.AppStore|x64.ActiveCfg = Release|x64
		{E6F61E8A-E092-40B9-9C81-716E190A29C6}.AppStore|x64.Build.0 = Release|x64
		{E6F61E8A-E092-40B9-9C81-716E190A29C6}.AppStore|x64.Deploy.0 = Release|x64
		{E6F61E8A-E092-40B9-9C81-716E190A29C6}.AppStore|x86.ActiveCfg = Release|x86
		{E6F61E8A-E092-40B9-9C81-716E190A29C6}.AppStore|x86.Build.0 = Release|x86
		{E6F61E8A-E092-40B9-9C81-716E190A29C6}.AppStore|x86.Deploy.0 = Release|x86
		{E6F61E8A-E092-40B9-9C81-716E190A29C6}.Debug|Any CPU.ActiveCfg = Debug|x86
		{E6F61E8A-E092-40B9-9C81-716E190A29C6}.Debug|ARM.ActiveCfg = Debug|ARM
		{E6F61E8A-E092-40B9-9C81-716E190A29C6}.Debug|ARM.Build.0 = Debug|ARM
		{E6F61E8A-E092-40B9-9C81-716E190A29C6}.Debug|ARM.Deploy.0 = Debug|ARM
		{E6F61E8A-E092-40B9-9C81-716E190A29C6}.Debug|iPhone.ActiveCfg = Debug|x86
		{E6F61E8A-E092-40B9-9C81-716E190A29C6}.Debug|iPhoneSimulator.ActiveCfg = Debug|x86
		{E6F61E8A-E092-40B9-9C81-716E190A29C6}.Debug|x64.ActiveCfg = Debug|x64
		{E6F61E8A-E092-40B9-9C81-716E190A29C6}.Debug|x64.Build.0 = Debug|x64
		{E6F61E8A-E092-40B9-9C81-716E190A29C6}.Debug|x64.Deploy.0 = Debug|x64
		{E6F61E8A-E092-40B9-9C81-716E190A29C6}.Debug|x86.ActiveCfg = Debug|x86
		{E6F61E8A-E092-40B9-9C81-716E190A29C6}.Debug|x86.Build.0 = Debug|x86
		{E6F61E8A-E092-40B9-9C81-716E190A29C6}.Debug|x86.Deploy.0 = Debug|x86
		{E6F61E8A-E092-40B9-9C81-716E190A29C6}.Release|Any CPU.ActiveCfg = Release|x86
		{E6F61E8A-E092-40B9-9C81-716E190A29C6}.Release|ARM.ActiveCfg = Release|ARM
		{E6F61E8A-E092-40B9-9C81-716E190A29C6}.Release|ARM.Build.0 = Release|ARM
		{E6F61E8A-E092-40B9-9C81-716E190A29C6}.Release|ARM.Deploy.0 = Release|ARM
		{E6F61E8A-E092-40B9-9C81-716E190A29C6}.Release|iPhone.ActiveCfg = Release|x86
		{E6F61E8A-E092-40B9-9C81-716E190A29C6}.Release|iPhoneSimulator.ActiveCfg = Release|x86
		{E6F61E8A-E092-40B9-9C81-716E190A29C6}.Release|x64.ActiveCfg = Release|x64
		{E6F61E8A-E092-40B9-9C81-716E190A29C6}.Release|x64.Build.0 = Release|x64
		{E6F61E8A-E092-40B9-9C81-716E190A29C6}.Release|x64.Deploy.0 = Release|x64
		{E6F61E8A-E092-40B9-9C81-716E190A29C6}.Release|x86.ActiveCfg = Release|x86
		{E6F61E8A-E092-40B9-9C81-716E190A29C6}.Release|x86.Build.0 = Release|x86
		{E6F61E8A-E092-40B9-9C81-716E190A29C6}.Release|x86.Deploy.0 = Release|x86
		{24920145-FC94-4EDB-89E0-2E53BA735E85}.Ad-Hoc|Any CPU.ActiveCfg = Debug|Any CPU
		{24920145-FC94-4EDB-89E0-2E53BA735E85}.Ad-Hoc|Any CPU.Build.0 = Debug|Any CPU
		{24920145-FC94-4EDB-89E0-2E53BA735E85}.Ad-Hoc|ARM.ActiveCfg = Debug|Any CPU
		{24920145-FC94-4EDB-89E0-2E53BA735E85}.Ad-Hoc|ARM.Build.0 = Debug|Any CPU
		{24920145-FC94-4EDB-89E0-2E53BA735E85}.Ad-Hoc|iPhone.ActiveCfg = Debug|Any CPU
		{24920145-FC94-4EDB-89E0-2E53BA735E85}.Ad-Hoc|iPhone.Build.0 = Debug|Any CPU
		{24920145-FC94-4EDB-89E0-2E53BA735E85}.Ad-Hoc|iPhoneSimulator.ActiveCfg = Debug|Any CPU
		{24920145-FC94-4EDB-89E0-2E53BA735E85}.Ad-Hoc|iPhoneSimulator.Build.0 = Debug|Any CPU
		{24920145-FC94-4EDB-89E0-2E53BA735E85}.Ad-Hoc|x64.ActiveCfg = Debug|Any CPU
		{24920145-FC94-4EDB-89E0-2E53BA735E85}.Ad-Hoc|x64.Build.0 = Debug|Any CPU
		{24920145-FC94-4EDB-89E0-2E53BA735E85}.Ad-Hoc|x86.ActiveCfg = Debug|Any CPU
		{24920145-FC94-4EDB-89E0-2E53BA735E85}.Ad-Hoc|x86.Build.0 = Debug|Any CPU
		{24920145-FC94-4EDB-89E0-2E53BA735E85}.AppStore|Any CPU.ActiveCfg = Debug|Any CPU
		{24920145-FC94-4EDB-89E0-2E53BA735E85}.AppStore|Any CPU.Build.0 = Debug|Any CPU
		{24920145-FC94-4EDB-89E0-2E53BA735E85}.AppStore|ARM.ActiveCfg = Debug|Any CPU
		{24920145-FC94-4EDB-89E0-2E53BA735E85}.AppStore|ARM.Build.0 = Debug|Any CPU
		{24920145-FC94-4EDB-89E0-2E53BA735E85}.AppStore|iPhone.ActiveCfg = Debug|Any CPU
		{24920145-FC94-4EDB-89E0-2E53BA735E85}.AppStore|iPhone.Build.0 = Debug|Any CPU
		{24920145-FC94-4EDB-89E0-2E53BA735E85}.AppStore|iPhoneSimulator.ActiveCfg = Debug|Any CPU
		{24920145-FC94-4EDB-89E0-2E53BA735E85}.AppStore|iPhoneSimulator.Build.0 = Debug|Any CPU
		{24920145-FC94-4EDB-89E0-2E53BA735E85}.AppStore|x64.ActiveCfg = Debug|Any CPU
		{24920145-FC94-4EDB-89E0-2E53BA735E85}.AppStore|x64.Build.0 = Debug|Any CPU
		{24920145-FC94-4EDB-89E0-2E53BA735E85}.AppStore|x86.ActiveCfg = Debug|Any CPU
		{24920145-FC94-4EDB-89E0-2E53BA735E85}.AppStore|x86.Build.0 = Debug|Any CPU
		{24920145-FC94-4EDB-89E0-2E53BA735E85}.Debug|Any CPU.ActiveCfg = Debug|Any CPU
		{24920145-FC94-4EDB-89E0-2E53BA735E85}.Debug|Any CPU.Build.0 = Debug|Any CPU
		{24920145-FC94-4EDB-89E0-2E53BA735E85}.Debug|ARM.ActiveCfg = Debug|Any CPU
		{24920145-FC94-4EDB-89E0-2E53BA735E85}.Debug|ARM.Build.0 = Debug|Any CPU
		{24920145-FC94-4EDB-89E0-2E53BA735E85}.Debug|iPhone.ActiveCfg = Debug|Any CPU
		{24920145-FC94-4EDB-89E0-2E53BA735E85}.Debug|iPhone.Build.0 = Debug|Any CPU
		{24920145-FC94-4EDB-89E0-2E53BA735E85}.Debug|iPhoneSimulator.ActiveCfg = Debug|Any CPU
		{24920145-FC94-4EDB-89E0-2E53BA735E85}.Debug|iPhoneSimulator.Build.0 = Debug|Any CPU
		{24920145-FC94-4EDB-89E0-2E53BA735E85}.Debug|x64.ActiveCfg = Debug|Any CPU
		{24920145-FC94-4EDB-89E0-2E53BA735E85}.Debug|x64.Build.0 = Debug|Any CPU
		{24920145-FC94-4EDB-89E0-2E53BA735E85}.Debug|x86.ActiveCfg = Debug|Any CPU
		{24920145-FC94-4EDB-89E0-2E53BA735E85}.Debug|x86.Build.0 = Debug|Any CPU
		{24920145-FC94-4EDB-89E0-2E53BA735E85}.Release|Any CPU.ActiveCfg = Release|Any CPU
		{24920145-FC94-4EDB-89E0-2E53BA735E85}.Release|Any CPU.Build.0 = Release|Any CPU
		{24920145-FC94-4EDB-89E0-2E53BA735E85}.Release|ARM.ActiveCfg = Release|Any CPU
		{24920145-FC94-4EDB-89E0-2E53BA735E85}.Release|ARM.Build.0 = Release|Any CPU
		{24920145-FC94-4EDB-89E0-2E53BA735E85}.Release|iPhone.ActiveCfg = Release|Any CPU
		{24920145-FC94-4EDB-89E0-2E53BA735E85}.Release|iPhone.Build.0 = Release|Any CPU
		{24920145-FC94-4EDB-89E0-2E53BA735E85}.Release|iPhoneSimulator.ActiveCfg = Release|Any CPU
		{24920145-FC94-4EDB-89E0-2E53BA735E85}.Release|iPhoneSimulator.Build.0 = Release|Any CPU
		{24920145-FC94-4EDB-89E0-2E53BA735E85}.Release|x64.ActiveCfg = Release|Any CPU
		{24920145-FC94-4EDB-89E0-2E53BA735E85}.Release|x64.Build.0 = Release|Any CPU
		{24920145-FC94-4EDB-89E0-2E53BA735E85}.Release|x86.ActiveCfg = Release|Any CPU
		{24920145-FC94-4EDB-89E0-2E53BA735E85}.Release|x86.Build.0 = Release|Any CPU
	EndGlobalSection
	GlobalSection(SolutionProperties) = preSolution
		HideSolutionNode = FALSE
	EndGlobalSection
	GlobalSection(ExtensibilityGlobals) = postSolution
		SolutionGuid = {B5E37564-F400-4ABB-86F6-A8FE39F8D785}
	EndGlobalSection
EndGlobal
